// !$*UTF8*$!
{
	archiveVersion = 1;
	classes = {
	};
	objectVersion = 50;
	objects = {

/* Begin PBXBuildFile section */
		844BD33826373516002294DA /* AppDelegate.swift in Sources */ = {isa = PBXBuildFile; fileRef = 844BD33726373516002294DA /* AppDelegate.swift */; };
		844BD33A26373516002294DA /* SceneDelegate.swift in Sources */ = {isa = PBXBuildFile; fileRef = 844BD33926373516002294DA /* SceneDelegate.swift */; };
		844BD33C26373516002294DA /* ViewController.swift in Sources */ = {isa = PBXBuildFile; fileRef = 844BD33B26373516002294DA /* ViewController.swift */; };
		844BD33F26373516002294DA /* Main.storyboard in Resources */ = {isa = PBXBuildFile; fileRef = 844BD33D26373516002294DA /* Main.storyboard */; };
		844BD34126373519002294DA /* Assets.xcassets in Resources */ = {isa = PBXBuildFile; fileRef = 844BD34026373519002294DA /* Assets.xcassets */; };
		844BD34426373519002294DA /* LaunchScreen.storyboard in Resources */ = {isa = PBXBuildFile; fileRef = 844BD34226373519002294DA /* LaunchScreen.storyboard */; };
		844BD351263735D2002294DA /* MovieModel.swift in Sources */ = {isa = PBXBuildFile; fileRef = 844BD350263735D2002294DA /* MovieModel.swift */; };
		844BD35526373856002294DA /* Service.swift in Sources */ = {isa = PBXBuildFile; fileRef = 844BD35426373856002294DA /* Service.swift */; };
		844BD35826374451002294DA /* MovieViewModel.swift in Sources */ = {isa = PBXBuildFile; fileRef = 844BD35726374451002294DA /* MovieViewModel.swift */; };
/* End PBXBuildFile section */

/* Begin PBXFileReference section */
		844BD33426373516002294DA /* API MVVM.app */ = {isa = PBXFileReference; explicitFileType = wrapper.application; includeInIndex = 0; path = "API MVVM.app"; sourceTree = BUILT_PRODUCTS_DIR; };
		844BD33726373516002294DA /* AppDelegate.swift */ = {isa = PBXFileReference; lastKnownFileType = sourcecode.swift; path = AppDelegate.swift; sourceTree = "<group>"; };
		844BD33926373516002294DA /* SceneDelegate.swift */ = {isa = PBXFileReference; lastKnownFileType = sourcecode.swift; path = SceneDelegate.swift; sourceTree = "<group>"; };
		844BD33B26373516002294DA /* ViewController.swift */ = {isa = PBXFileReference; lastKnownFileType = sourcecode.swift; path = ViewController.swift; sourceTree = "<group>"; };
		844BD33E26373516002294DA /* Base */ = {isa = PBXFileReference; lastKnownFileType = file.storyboard; name = Base; path = Base.lproj/Main.storyboard; sourceTree = "<group>"; };
		844BD34026373519002294DA /* Assets.xcassets */ = {isa = PBXFileReference; lastKnownFileType = folder.assetcatalog; path = Assets.xcassets; sourceTree = "<group>"; };
		844BD34326373519002294DA /* Base */ = {isa = PBXFileReference; lastKnownFileType = file.storyboard; name = Base; path = Base.lproj/LaunchScreen.storyboard; sourceTree = "<group>"; };
		844BD34526373519002294DA /* Info.plist */ = {isa = PBXFileReference; lastKnownFileType = text.plist.xml; path = Info.plist; sourceTree = "<group>"; };
		844BD350263735D2002294DA /* MovieModel.swift */ = {isa = PBXFileReference; lastKnownFileType = sourcecode.swift; path = MovieModel.swift; sourceTree = "<group>"; };
		844BD35426373856002294DA /* Service.swift */ = {isa = PBXFileReference; lastKnownFileType = sourcecode.swift; path = Service.swift; sourceTree = "<group>"; };
		844BD35726374451002294DA /* MovieViewModel.swift */ = {isa = PBXFileReference; lastKnownFileType = sourcecode.swift; path = MovieViewModel.swift; sourceTree = "<group>"; };
/* End PBXFileReference section */

/* Begin PBXFrameworksBuildPhase section */
		844BD33126373516002294DA /* Frameworks */ = {
			isa = PBXFrameworksBuildPhase;
			buildActionMask = 2147483647;
			files = (
			);
			runOnlyForDeploymentPostprocessing = 0;
		};
/* End PBXFrameworksBuildPhase section */

/* Begin PBXGroup section */
		844BD32B26373516002294DA = {
			isa = PBXGroup;
			children = (
				844BD33626373516002294DA /* API MVVM */,
				844BD33526373516002294DA /* Products */,
			);
			sourceTree = "<group>";
		};
		844BD33526373516002294DA /* Products */ = {
			isa = PBXGroup;
			children = (
				844BD33426373516002294DA /* API MVVM.app */,
			);
			name = Products;
			sourceTree = "<group>";
		};
		844BD33626373516002294DA /* API MVVM */ = {
			isa = PBXGroup;
			children = (
				844BD34C2637355B002294DA /* Model */,
				844BD34D26373567002294DA /* View */,
				844BD34E2637356F002294DA /* ViewModel */,
				844BD34F2637357A002294DA /* Service */,
				844BD35A26374626002294DA /* Controller */,
				844BD33726373516002294DA /* AppDelegate.swift */,
				844BD33926373516002294DA /* SceneDelegate.swift */,
				844BD33D26373516002294DA /* Main.storyboard */,
				844BD34026373519002294DA /* Assets.xcassets */,
				844BD34226373519002294DA /* LaunchScreen.storyboard */,
				844BD34526373519002294DA /* Info.plist */,
			);
			path = "API MVVM";
			sourceTree = "<group>";
		};
		844BD34C2637355B002294DA /* Model */ = {
			isa = PBXGroup;
			children = (
				844BD350263735D2002294DA /* MovieModel.swift */,
			);
			path = Model;
			sourceTree = "<group>";
		};
		844BD34D26373567002294DA /* View */ = {
			isa = PBXGroup;
			children = (
			);
			path = View;
			sourceTree = "<group>";
		};
		844BD34E2637356F002294DA /* ViewModel */ = {
			isa = PBXGroup;
			children = (
				844BD35726374451002294DA /* MovieViewModel.swift */,
			);
			path = ViewModel;
			sourceTree = "<group>";
		};
		844BD34F2637357A002294DA /* Service */ = {
			isa = PBXGroup;
			children = (
				844BD35426373856002294DA /* Service.swift */,
			);
			path = Service;
			sourceTree = "<group>";
		};
		844BD35A26374626002294DA /* Controller */ = {
			isa = PBXGroup;
			children = (
				844BD33B26373516002294DA /* ViewController.swift */,
			);
			path = Controller;
			sourceTree = "<group>";
		};
/* End PBXGroup section */

/* Begin PBXNativeTarget section */
		844BD33326373516002294DA /* API MVVM */ = {
			isa = PBXNativeTarget;
			buildConfigurationList = 844BD34826373519002294DA /* Build configuration list for PBXNativeTarget "API MVVM" */;
			buildPhases = (
				844BD33026373516002294DA /* Sources */,
				844BD33126373516002294DA /* Frameworks */,
				844BD33226373516002294DA /* Resources */,
			);
			buildRules = (
			);
			dependencies = (
			);
			name = "API MVVM";
			productName = "API MVVM";
			productReference = 844BD33426373516002294DA /* API MVVM.app */;
			productType = "com.apple.product-type.application";
		};
/* End PBXNativeTarget section */

/* Begin PBXProject section */
		844BD32C26373516002294DA /* Project object */ = {
			isa = PBXProject;
			attributes = {
				LastSwiftUpdateCheck = 1240;
				LastUpgradeCheck = 1240;
				TargetAttributes = {
					844BD33326373516002294DA = {
						CreatedOnToolsVersion = 12.4;
					};
				};
			};
			buildConfigurationList = 844BD32F26373516002294DA /* Build configuration list for PBXProject "API MVVM" */;
			compatibilityVersion = "Xcode 9.3";
			developmentRegion = en;
			hasScannedForEncodings = 0;
			knownRegions = (
				en,
				Base,
			);
			mainGroup = 844BD32B26373516002294DA;
			productRefGroup = 844BD33526373516002294DA /* Products */;
			projectDirPath = "";
			projectRoot = "";
			targets = (
				844BD33326373516002294DA /* API MVVM */,
			);
		};
/* End PBXProject section */

/* Begin PBXResourcesBuildPhase section */
		844BD33226373516002294DA /* Resources */ = {
			isa = PBXResourcesBuildPhase;
			buildActionMask = 2147483647;
			files = (
				844BD34426373519002294DA /* LaunchScreen.storyboard in Resources */,
				844BD34126373519002294DA /* Assets.xcassets in Resources */,
				844BD33F26373516002294DA /* Main.storyboard in Resources */,
			);
			runOnlyForDeploymentPostprocessing = 0;
		};
/* End PBXResourcesBuildPhase section */

/* Begin PBXSourcesBuildPhase section */
		844BD33026373516002294DA /* Sources */ = {
			isa = PBXSourcesBuildPhase;
			buildActionMask = 2147483647;
			files = (
				844BD351263735D2002294DA /* MovieModel.swift in Sources */,
				844BD33C26373516002294DA /* ViewController.swift in Sources */,
				844BD35526373856002294DA /* Service.swift in Sources */,
				844BD33826373516002294DA /* AppDelegate.swift in Sources */,
				844BD33A26373516002294DA /* SceneDelegate.swift in Sources */,
				844BD35826374451002294DA /* MovieViewModel.swift in Sources */,
			);
			runOnlyForDeploymentPostprocessing = 0;
		};
/* End PBXSourcesBuildPhase section */

/* Begin PBXVariantGroup section */
		844BD33D26373516002294DA /* Main.storyboard */ = {
			isa = PBXVariantGroup;
			children = (
				844BD33E26373516002294DA /* Base */,
			);
			name = Main.storyboard;
			sourceTree = "<group>";
		};
		844BD34226373519002294DA /* LaunchScreen.storyboard */ = {
			isa = PBXVariantGroup;
			children = (
				844BD34326373519002294DA /* Base */,
			);
			name = LaunchScreen.storyboard;
			sourceTree = "<group>";
		};
/* End PBXVariantGroup section */

/* Begin XCBuildConfiguration section */
		844BD34626373519002294DA /* Debug */ = {
			isa = XCBuildConfiguration;
			buildSettings = {
				ALWAYS_SEARCH_USER_PATHS = NO;
				CLANG_ANALYZER_NONNULL = YES;
				CLANG_ANALYZER_NUMBER_OBJECT_CONVERSION = YES_AGGRESSIVE;
				CLANG_CXX_LANGUAGE_STANDARD = "gnu++14";
				CLANG_CXX_LIBRARY = "libc++";
				CLANG_ENABLE_MODULES = YES;
				CLANG_ENABLE_OBJC_ARC = YES;
				CLANG_ENABLE_OBJC_WEAK = YES;
				CLANG_WARN_BLOCK_CAPTURE_AUTORELEASING = YES;
				CLANG_WARN_BOOL_CONVERSION = YES;
				CLANG_WARN_COMMA = YES;
				CLANG_WARN_CONSTANT_CONVERSION = YES;
				CLANG_WARN_DEPRECATED_OBJC_IMPLEMENTATIONS = YES;
				CLANG_WARN_DIRECT_OBJC_ISA_USAGE = YES_ERROR;
				CLANG_WARN_DOCUMENTATION_COMMENTS = YES;
				CLANG_WARN_EMPTY_BODY = YES;
				CLANG_WARN_ENUM_CONVERSION = YES;
				CLANG_WARN_INFINITE_RECURSION = YES;
				CLANG_WARN_INT_CONVERSION = YES;
				CLANG_WARN_NON_LITERAL_NULL_CONVERSION = YES;
				CLANG_WARN_OBJC_IMPLICIT_RETAIN_SELF = YES;
				CLANG_WARN_OBJC_LITERAL_CONVERSION = YES;
				CLANG_WARN_OBJC_ROOT_CLASS = YES_ERROR;
				CLANG_WARN_QUOTED_INCLUDE_IN_FRAMEWORK_HEADER = YES;
				CLANG_WARN_RANGE_LOOP_ANALYSIS = YES;
				CLANG_WARN_STRICT_PROTOTYPES = YES;
				CLANG_WARN_SUSPICIOUS_MOVE = YES;
				CLANG_WARN_UNGUARDED_AVAILABILITY = YES_AGGRESSIVE;
				CLANG_WARN_UNREACHABLE_CODE = YES;
				CLANG_WARN__DUPLICATE_METHOD_MATCH = YES;
				COPY_PHASE_STRIP = NO;
				DEBUG_INFORMATION_FORMAT = dwarf;
				ENABLE_STRICT_OBJC_MSGSEND = YES;
				ENABLE_TESTABILITY = YES;
				GCC_C_LANGUAGE_STANDARD = gnu11;
				GCC_DYNAMIC_NO_PIC = NO;
				GCC_NO_COMMON_BLOCKS = YES;
				GCC_OPTIMIZATION_LEVEL = 0;
				GCC_PREPROCESSOR_DEFINITIONS = (
					"DEBUG=1",
					"$(inherited)",
				);
				GCC_WARN_64_TO_32_BIT_CONVERSION = YES;
				GCC_WARN_ABOUT_RETURN_TYPE = YES_ERROR;
				GCC_WARN_UNDECLARED_SELECTOR = YES;
				GCC_WARN_UNINITIALIZED_AUTOS = YES_AGGRESSIVE;
				GCC_WARN_UNUSED_FUNCTION = YES;
				GCC_WARN_UNUSED_VARIABLE = YES;
				IPHONEOS_DEPLOYMENT_TARGET = 14.4;
				MTL_ENABLE_DEBUG_INFO = INCLUDE_SOURCE;
				MTL_FAST_MATH = YES;
				ONLY_ACTIVE_ARCH = YES;
				SDKROOT = iphoneos;
				SWIFT_ACTIVE_COMPILATION_CONDITIONS = DEBUG;
				SWIFT_OPTIMIZATION_LEVEL = "-Onone";
			};
			name = Debug;
		};
		844BD34726373519002294DA /* Release */ = {
			isa = XCBuildConfiguration;
			buildSettings = {
				ALWAYS_SEARCH_USER_PATHS = NO;
				CLANG_ANALYZER_NONNULL = YES;
				CLANG_ANALYZER_NUMBER_OBJECT_CONVERSION = YES_AGGRESSIVE;
				CLANG_CXX_LANGUAGE_STANDARD = "gnu++14";
				CLANG_CXX_LIBRARY = "libc++";
				CLANG_ENABLE_MODULES = YES;
				CLANG_ENABLE_OBJC_ARC = YES;
				CLANG_ENABLE_OBJC_WEAK = YES;
				CLANG_WARN_BLOCK_CAPTURE_AUTORELEASING = YES;
				CLANG_WARN_BOOL_CONVERSION = YES;
				CLANG_WARN_COMMA = YES;
				CLANG_WARN_CONSTANT_CONVERSION = YES;
				CLANG_WARN_DEPRECATED_OBJC_IMPLEMENTATIONS = YES;
				CLANG_WARN_DIRECT_OBJC_ISA_USAGE = YES_ERROR;
				CLANG_WARN_DOCUMENTATION_COMMENTS = YES;
				CLANG_WARN_EMPTY_BODY = YES;
				CLANG_WARN_ENUM_CONVERSION = YES;
				CLANG_WARN_INFINITE_RECURSION = YES;
				CLANG_WARN_INT_CONVERSION = YES;
				CLANG_WARN_NON_LITERAL_NULL_CONVERSION = YES;
				CLANG_WARN_OBJC_IMPLICIT_RETAIN_SELF = YES;
				CLANG_WARN_OBJC_LITERAL_CONVERSION = YES;
				CLANG_WARN_OBJC_ROOT_CLASS = YES_ERROR;
				CLANG_WARN_QUOTED_INCLUDE_IN_FRAMEWORK_HEADER = YES;
				CLANG_WARN_RANGE_LOOP_ANALYSIS = YES;
				CLANG_WARN_STRICT_PROTOTYPES = YES;
				CLANG_WARN_SUSPICIOUS_MOVE = YES;
				CLANG_WARN_UNGUARDED_AVAILABILITY = YES_AGGRESSIVE;
				CLANG_WARN_UNREACHABLE_CODE = YES;
				CLANG_WARN__DUPLICATE_METHOD_MATCH = YES;
				COPY_PHASE_STRIP = NO;
				DEBUG_INFORMATION_FORMAT = "dwarf-with-dsym";
				ENABLE_NS_ASSERTIONS = NO;
				ENABLE_STRICT_OBJC_MSGSEND = YES;
				GCC_C_LANGUAGE_STANDARD = gnu11;
				GCC_NO_COMMON_BLOCKS = YES;
				GCC_WARN_64_TO_32_BIT_CONVERSION = YES;
				GCC_WARN_ABOUT_RETURN_TYPE = YES_ERROR;
				GCC_WARN_UNDECLARED_SELECTOR = YES;
				GCC_WARN_UNINITIALIZED_AUTOS = YES_AGGRESSIVE;
				GCC_WARN_UNUSED_FUNCTION = YES;
				GCC_WARN_UNUSED_VARIABLE = YES;
				IPHONEOS_DEPLOYMENT_TARGET = 14.4;
				MTL_ENABLE_DEBUG_INFO = NO;
				MTL_FAST_MATH = YES;
				SDKROOT = iphoneos;
				SWIFT_COMPILATION_MODE = wholemodule;
				SWIFT_OPTIMIZATION_LEVEL = "-O";
				VALIDATE_PRODUCT = YES;
			};
			name = Release;
		};
		844BD34926373519002294DA /* Debug */ = {
			isa = XCBuildConfiguration;
			buildSettings = {
				ASSETCATALOG_COMPILER_APPICON_NAME = AppIcon;
				ASSETCATALOG_COMPILER_GLOBAL_ACCENT_COLOR_NAME = AccentColor;
				CODE_SIGN_STYLE = Automatic;
				INFOPLIST_FILE = "API MVVM/Info.plist";
				LD_RUNPATH_SEARCH_PATHS = (
					"$(inherited)",
					"@executable_path/Frameworks",
				);
				PRODUCT_BUNDLE_IDENTIFIER = "era.com.API-MVVM";
				PRODUCT_NAME = "$(TARGET_NAME)";
				SWIFT_VERSION = 5.0;
				TARGETED_DEVICE_FAMILY = "1,2";
			};
			name = Debug;
		};
		844BD34A26373519002294DA /* Release */ = {
			isa = XCBuildConfiguration;
			buildSettings = {
				ASSETCATALOG_COMPILER_APPICON_NAME = AppIcon;
				ASSETCATALOG_COMPILER_GLOBAL_ACCENT_COLOR_NAME = AccentColor;
				CODE_SIGN_STYLE = Automatic;
				INFOPLIST_FILE = "API MVVM/Info.plist";
				LD_RUNPATH_SEARCH_PATHS = (
					"$(inherited)",
					"@executable_path/Frameworks",
				);
				PRODUCT_BUNDLE_IDENTIFIER = "era.com.API-MVVM";
				PRODUCT_NAME = "$(TARGET_NAME)";
				SWIFT_VERSION = 5.0;
				TARGETED_DEVICE_FAMILY = "1,2";
			};
			name = Release;
		};
/* End XCBuildConfiguration section */

/* Begin XCConfigurationList section */
		844BD32F26373516002294DA /* Build configuration list for PBXProject "API MVVM" */ = {
			isa = XCConfigurationList;
			buildConfigurations = (
				844BD34626373519002294DA /* Debug */,
				844BD34726373519002294DA /* Release */,
			);
			defaultConfigurationIsVisible = 0;
			defaultConfigurationName = Release;
		};
		844BD34826373519002294DA /* Build configuration list for PBXNativeTarget "API MVVM" */ = {
			isa = XCConfigurationList;
			buildConfigurations = (
				844BD34926373519002294DA /* Debug */,
				844BD34A26373519002294DA /* Release */,
			);
			defaultConfigurationIsVisible = 0;
			defaultConfigurationName = Release;
		};
/* End XCConfigurationList section */
	};
	rootObject = 844BD32C26373516002294DA /* Project object */;
}
